// !$*UTF8*$!
{
	archiveVersion = 1;
	classes = {
	};
	objectVersion = 46;
	objects = {

/* Begin PBXBuildFile section */
		7209A5C81E3BA9C100413FFA /* Photo+CoreDataProperties.swift in Sources */ = {isa = PBXBuildFile; fileRef = 7209A5C71E3BA9C100413FFA /* Photo+CoreDataProperties.swift */; };
		7209A5CA1E3BABFF00413FFA /* TagsViewController.swift in Sources */ = {isa = PBXBuildFile; fileRef = 7209A5C91E3BABFF00413FFA /* TagsViewController.swift */; };
		7209A5CE1E3BB20200413FFA /* TagDataSource.swift in Sources */ = {isa = PBXBuildFile; fileRef = 7209A5CD1E3BB20200413FFA /* TagDataSource.swift */; };
		726475631E3251B400275D2C /* AppDelegate.swift in Sources */ = {isa = PBXBuildFile; fileRef = 726475621E3251B400275D2C /* AppDelegate.swift */; };
		726475681E3251B400275D2C /* Main.storyboard in Resources */ = {isa = PBXBuildFile; fileRef = 726475661E3251B400275D2C /* Main.storyboard */; };
		7264756A1E3251B400275D2C /* Assets.xcassets in Resources */ = {isa = PBXBuildFile; fileRef = 726475691E3251B400275D2C /* Assets.xcassets */; };
		7264756D1E3251B400275D2C /* LaunchScreen.storyboard in Resources */ = {isa = PBXBuildFile; fileRef = 7264756B1E3251B400275D2C /* LaunchScreen.storyboard */; };
		726475781E3251B400275D2C /* PhotoramaTests.swift in Sources */ = {isa = PBXBuildFile; fileRef = 726475771E3251B400275D2C /* PhotoramaTests.swift */; };
		726475831E3251B400275D2C /* PhotoramaUITests.swift in Sources */ = {isa = PBXBuildFile; fileRef = 726475821E3251B400275D2C /* PhotoramaUITests.swift */; };
		726475911E3252FB00275D2C /* PhotosViewController.swift in Sources */ = {isa = PBXBuildFile; fileRef = 726475901E3252FB00275D2C /* PhotosViewController.swift */; };
		726475931E325BE500275D2C /* FlickrAPI.swift in Sources */ = {isa = PBXBuildFile; fileRef = 726475921E325BE500275D2C /* FlickrAPI.swift */; };
		726475981E32645F00275D2C /* PhotoStore.swift in Sources */ = {isa = PBXBuildFile; fileRef = 726475971E32645F00275D2C /* PhotoStore.swift */; };
		7264759E1E32A5B300275D2C /* PhotoDataSource.swift in Sources */ = {isa = PBXBuildFile; fileRef = 7264759D1E32A5B300275D2C /* PhotoDataSource.swift */; };
		726475A01E32A8DB00275D2C /* PhotoCollectionViewCell.swift in Sources */ = {isa = PBXBuildFile; fileRef = 7264759F1E32A8DB00275D2C /* PhotoCollectionViewCell.swift */; };
		726475A21E32B74100275D2C /* ImageStore.swift in Sources */ = {isa = PBXBuildFile; fileRef = 726475A11E32B74100275D2C /* ImageStore.swift */; };
		726475A41E32BB8700275D2C /* PhotoInfoViewController.swift in Sources */ = {isa = PBXBuildFile; fileRef = 726475A31E32BB8600275D2C /* PhotoInfoViewController.swift */; };
		7267CB331E3B8C76008ED96A /* Photo+CoreDataClass.swift in Sources */ = {isa = PBXBuildFile; fileRef = 7267CB311E3B8C76008ED96A /* Photo+CoreDataClass.swift */; };
		727523951E3B828700275C62 /* Photorama.xcdatamodeld in Sources */ = {isa = PBXBuildFile; fileRef = 727523931E3B828700275C62 /* Photorama.xcdatamodeld */; };
/* End PBXBuildFile section */

/* Begin PBXContainerItemProxy section */
		726475741E3251B400275D2C /* PBXContainerItemProxy */ = {
			isa = PBXContainerItemProxy;
			containerPortal = 726475571E3251B400275D2C /* Project object */;
			proxyType = 1;
			remoteGlobalIDString = 7264755E1E3251B400275D2C;
			remoteInfo = Photorama;
		};
		7264757F1E3251B400275D2C /* PBXContainerItemProxy */ = {
			isa = PBXContainerItemProxy;
			containerPortal = 726475571E3251B400275D2C /* Project object */;
			proxyType = 1;
			remoteGlobalIDString = 7264755E1E3251B400275D2C;
			remoteInfo = Photorama;
		};
/* End PBXContainerItemProxy section */

/* Begin PBXFileReference section */
		7209A5C71E3BA9C100413FFA /* Photo+CoreDataProperties.swift */ = {isa = PBXFileReference; fileEncoding = 4; lastKnownFileType = sourcecode.swift; path = "Photo+CoreDataProperties.swift"; sourceTree = "<group>"; };
		7209A5C91E3BABFF00413FFA /* TagsViewController.swift */ = {isa = PBXFileReference; fileEncoding = 4; lastKnownFileType = sourcecode.swift; path = TagsViewController.swift; sourceTree = "<group>"; };
		7209A5CD1E3BB20200413FFA /* TagDataSource.swift */ = {isa = PBXFileReference; fileEncoding = 4; lastKnownFileType = sourcecode.swift; path = TagDataSource.swift; sourceTree = "<group>"; };
		7264755F1E3251B400275D2C /* Photorama.app */ = {isa = PBXFileReference; explicitFileType = wrapper.application; includeInIndex = 0; path = Photorama.app; sourceTree = BUILT_PRODUCTS_DIR; };
		726475621E3251B400275D2C /* AppDelegate.swift */ = {isa = PBXFileReference; lastKnownFileType = sourcecode.swift; path = AppDelegate.swift; sourceTree = "<group>"; };
		726475671E3251B400275D2C /* Base */ = {isa = PBXFileReference; lastKnownFileType = file.storyboard; name = Base; path = Base.lproj/Main.storyboard; sourceTree = "<group>"; };
		726475691E3251B400275D2C /* Assets.xcassets */ = {isa = PBXFileReference; lastKnownFileType = folder.assetcatalog; path = Assets.xcassets; sourceTree = "<group>"; };
		7264756C1E3251B400275D2C /* Base */ = {isa = PBXFileReference; lastKnownFileType = file.storyboard; name = Base; path = Base.lproj/LaunchScreen.storyboard; sourceTree = "<group>"; };
		7264756E1E3251B400275D2C /* Info.plist */ = {isa = PBXFileReference; lastKnownFileType = text.plist.xml; path = Info.plist; sourceTree = "<group>"; };
		726475731E3251B400275D2C /* PhotoramaTests.xctest */ = {isa = PBXFileReference; explicitFileType = wrapper.cfbundle; includeInIndex = 0; path = PhotoramaTests.xctest; sourceTree = BUILT_PRODUCTS_DIR; };
		726475771E3251B400275D2C /* PhotoramaTests.swift */ = {isa = PBXFileReference; lastKnownFileType = sourcecode.swift; path = PhotoramaTests.swift; sourceTree = "<group>"; };
		726475791E3251B400275D2C /* Info.plist */ = {isa = PBXFileReference; lastKnownFileType = text.plist.xml; path = Info.plist; sourceTree = "<group>"; };
		7264757E1E3251B400275D2C /* PhotoramaUITests.xctest */ = {isa = PBXFileReference; explicitFileType = wrapper.cfbundle; includeInIndex = 0; path = PhotoramaUITests.xctest; sourceTree = BUILT_PRODUCTS_DIR; };
		726475821E3251B400275D2C /* PhotoramaUITests.swift */ = {isa = PBXFileReference; lastKnownFileType = sourcecode.swift; path = PhotoramaUITests.swift; sourceTree = "<group>"; };
		726475841E3251B400275D2C /* Info.plist */ = {isa = PBXFileReference; lastKnownFileType = text.plist.xml; path = Info.plist; sourceTree = "<group>"; };
		726475901E3252FB00275D2C /* PhotosViewController.swift */ = {isa = PBXFileReference; fileEncoding = 4; lastKnownFileType = sourcecode.swift; path = PhotosViewController.swift; sourceTree = "<group>"; };
		726475921E325BE500275D2C /* FlickrAPI.swift */ = {isa = PBXFileReference; fileEncoding = 4; lastKnownFileType = sourcecode.swift; path = FlickrAPI.swift; sourceTree = "<group>"; };
		726475971E32645F00275D2C /* PhotoStore.swift */ = {isa = PBXFileReference; fileEncoding = 4; lastKnownFileType = sourcecode.swift; name = PhotoStore.swift; path = ../PhotoStore.swift; sourceTree = "<group>"; };
		7264759D1E32A5B300275D2C /* PhotoDataSource.swift */ = {isa = PBXFileReference; fileEncoding = 4; lastKnownFileType = sourcecode.swift; path = PhotoDataSource.swift; sourceTree = "<group>"; };
		7264759F1E32A8DB00275D2C /* PhotoCollectionViewCell.swift */ = {isa = PBXFileReference; fileEncoding = 4; lastKnownFileType = sourcecode.swift; path = PhotoCollectionViewCell.swift; sourceTree = "<group>"; };
		726475A11E32B74100275D2C /* ImageStore.swift */ = {isa = PBXFileReference; fileEncoding = 4; lastKnownFileType = sourcecode.swift; path = ImageStore.swift; sourceTree = "<group>"; };
		726475A31E32BB8600275D2C /* PhotoInfoViewController.swift */ = {isa = PBXFileReference; fileEncoding = 4; lastKnownFileType = sourcecode.swift; path = PhotoInfoViewController.swift; sourceTree = "<group>"; };
		7267CB311E3B8C76008ED96A /* Photo+CoreDataClass.swift */ = {isa = PBXFileReference; fileEncoding = 4; lastKnownFileType = sourcecode.swift; path = "Photo+CoreDataClass.swift"; sourceTree = "<group>"; };
		727523941E3B828700275C62 /* Photorama.xcdatamodel */ = {isa = PBXFileReference; lastKnownFileType = wrapper.xcdatamodel; path = Photorama.xcdatamodel; sourceTree = "<group>"; };
/* End PBXFileReference section */

/* Begin PBXFrameworksBuildPhase section */
		7264755C1E3251B400275D2C /* Frameworks */ = {
			isa = PBXFrameworksBuildPhase;
			buildActionMask = 2147483647;
			files = (
			);
			runOnlyForDeploymentPostprocessing = 0;
		};
		726475701E3251B400275D2C /* Frameworks */ = {
			isa = PBXFrameworksBuildPhase;
			buildActionMask = 2147483647;
			files = (
			);
			runOnlyForDeploymentPostprocessing = 0;
		};
		7264757B1E3251B400275D2C /* Frameworks */ = {
			isa = PBXFrameworksBuildPhase;
			buildActionMask = 2147483647;
			files = (
			);
			runOnlyForDeploymentPostprocessing = 0;
		};
/* End PBXFrameworksBuildPhase section */

/* Begin PBXGroup section */
		726475561E3251B400275D2C = {
			isa = PBXGroup;
			children = (
				7209A5C71E3BA9C100413FFA /* Photo+CoreDataProperties.swift */,
				7267CB311E3B8C76008ED96A /* Photo+CoreDataClass.swift */,
				726475611E3251B400275D2C /* Photorama */,
				726475761E3251B400275D2C /* PhotoramaTests */,
				726475811E3251B400275D2C /* PhotoramaUITests */,
				726475601E3251B400275D2C /* Products */,
			);
			sourceTree = "<group>";
		};
		726475601E3251B400275D2C /* Products */ = {
			isa = PBXGroup;
			children = (
				7264755F1E3251B400275D2C /* Photorama.app */,
				726475731E3251B400275D2C /* PhotoramaTests.xctest */,
				7264757E1E3251B400275D2C /* PhotoramaUITests.xctest */,
			);
			name = Products;
			sourceTree = "<group>";
		};
		726475611E3251B400275D2C /* Photorama */ = {
			isa = PBXGroup;
			children = (
				726475621E3251B400275D2C /* AppDelegate.swift */,
				726475661E3251B400275D2C /* Main.storyboard */,
				726475691E3251B400275D2C /* Assets.xcassets */,
				7264756B1E3251B400275D2C /* LaunchScreen.storyboard */,
				7264756E1E3251B400275D2C /* Info.plist */,
				726475901E3252FB00275D2C /* PhotosViewController.swift */,
				7264759F1E32A8DB00275D2C /* PhotoCollectionViewCell.swift */,
				726475921E325BE500275D2C /* FlickrAPI.swift */,
				727523931E3B828700275C62 /* Photorama.xcdatamodeld */,
				726475971E32645F00275D2C /* PhotoStore.swift */,
				726475A31E32BB8600275D2C /* PhotoInfoViewController.swift */,
				7264759D1E32A5B300275D2C /* PhotoDataSource.swift */,
				726475A11E32B74100275D2C /* ImageStore.swift */,
				7209A5C91E3BABFF00413FFA /* TagsViewController.swift */,
				7209A5CD1E3BB20200413FFA /* TagDataSource.swift */,
			);
			path = Photorama;
			sourceTree = "<group>";
		};
		726475761E3251B400275D2C /* PhotoramaTests */ = {
			isa = PBXGroup;
			children = (
				726475771E3251B400275D2C /* PhotoramaTests.swift */,
				726475791E3251B400275D2C /* Info.plist */,
			);
			path = PhotoramaTests;
			sourceTree = "<group>";
		};
		726475811E3251B400275D2C /* PhotoramaUITests */ = {
			isa = PBXGroup;
			children = (
				726475821E3251B400275D2C /* PhotoramaUITests.swift */,
				726475841E3251B400275D2C /* Info.plist */,
			);
			path = PhotoramaUITests;
			sourceTree = "<group>";
		};
/* End PBXGroup section */

/* Begin PBXNativeTarget section */
		7264755E1E3251B400275D2C /* Photorama */ = {
			isa = PBXNativeTarget;
			buildConfigurationList = 726475871E3251B400275D2C /* Build configuration list for PBXNativeTarget "Photorama" */;
			buildPhases = (
				7264755B1E3251B400275D2C /* Sources */,
				7264755C1E3251B400275D2C /* Frameworks */,
				7264755D1E3251B400275D2C /* Resources */,
			);
			buildRules = (
			);
			dependencies = (
			);
			name = Photorama;
			productName = Photorama;
			productReference = 7264755F1E3251B400275D2C /* Photorama.app */;
			productType = "com.apple.product-type.application";
		};
		726475721E3251B400275D2C /* PhotoramaTests */ = {
			isa = PBXNativeTarget;
			buildConfigurationList = 7264758A1E3251B400275D2C /* Build configuration list for PBXNativeTarget "PhotoramaTests" */;
			buildPhases = (
				7264756F1E3251B400275D2C /* Sources */,
				726475701E3251B400275D2C /* Frameworks */,
				726475711E3251B400275D2C /* Resources */,
			);
			buildRules = (
			);
			dependencies = (
				726475751E3251B400275D2C /* PBXTargetDependency */,
			);
			name = PhotoramaTests;
			productName = PhotoramaTests;
			productReference = 726475731E3251B400275D2C /* PhotoramaTests.xctest */;
			productType = "com.apple.product-type.bundle.unit-test";
		};
		7264757D1E3251B400275D2C /* PhotoramaUITests */ = {
			isa = PBXNativeTarget;
			buildConfigurationList = 7264758D1E3251B400275D2C /* Build configuration list for PBXNativeTarget "PhotoramaUITests" */;
			buildPhases = (
				7264757A1E3251B400275D2C /* Sources */,
				7264757B1E3251B400275D2C /* Frameworks */,
				7264757C1E3251B400275D2C /* Resources */,
			);
			buildRules = (
			);
			dependencies = (
				726475801E3251B400275D2C /* PBXTargetDependency */,
			);
			name = PhotoramaUITests;
			productName = PhotoramaUITests;
			productReference = 7264757E1E3251B400275D2C /* PhotoramaUITests.xctest */;
			productType = "com.apple.product-type.bundle.ui-testing";
		};
/* End PBXNativeTarget section */

/* Begin PBXProject section */
		726475571E3251B400275D2C /* Project object */ = {
			isa = PBXProject;
			attributes = {
				LastSwiftUpdateCheck = 0820;
				LastUpgradeCheck = 0820;
				ORGANIZATIONNAME = "Justin Purnell";
				TargetAttributes = {
					7264755E1E3251B400275D2C = {
						CreatedOnToolsVersion = 8.2.1;
						DevelopmentTeam = BNDA9Y6YV9;
						ProvisioningStyle = Automatic;
					};
					726475721E3251B400275D2C = {
						CreatedOnToolsVersion = 8.2.1;
						ProvisioningStyle = Automatic;
						TestTargetID = 7264755E1E3251B400275D2C;
					};
					7264757D1E3251B400275D2C = {
						CreatedOnToolsVersion = 8.2.1;
						ProvisioningStyle = Automatic;
						TestTargetID = 7264755E1E3251B400275D2C;
					};
				};
			};
			buildConfigurationList = 7264755A1E3251B400275D2C /* Build configuration list for PBXProject "Photorama" */;
			compatibilityVersion = "Xcode 3.2";
			developmentRegion = English;
			hasScannedForEncodings = 0;
			knownRegions = (
				en,
				Base,
			);
			mainGroup = 726475561E3251B400275D2C;
			productRefGroup = 726475601E3251B400275D2C /* Products */;
			projectDirPath = "";
			projectRoot = "";
			targets = (
				7264755E1E3251B400275D2C /* Photorama */,
				726475721E3251B400275D2C /* PhotoramaTests */,
				7264757D1E3251B400275D2C /* PhotoramaUITests */,
			);
		};
/* End PBXProject section */

/* Begin PBXResourcesBuildPhase section */
		7264755D1E3251B400275D2C /* Resources */ = {
			isa = PBXResourcesBuildPhase;
			buildActionMask = 2147483647;
			files = (
				7264756D1E3251B400275D2C /* LaunchScreen.storyboard in Resources */,
				7264756A1E3251B400275D2C /* Assets.xcassets in Resources */,
				726475681E3251B400275D2C /* Main.storyboard in Resources */,
			);
			runOnlyForDeploymentPostprocessing = 0;
		};
		726475711E3251B400275D2C /* Resources */ = {
			isa = PBXResourcesBuildPhase;
			buildActionMask = 2147483647;
			files = (
			);
			runOnlyForDeploymentPostprocessing = 0;
		};
		7264757C1E3251B400275D2C /* Resources */ = {
			isa = PBXResourcesBuildPhase;
			buildActionMask = 2147483647;
			files = (
			);
			runOnlyForDeploymentPostprocessing = 0;
		};
/* End PBXResourcesBuildPhase section */

/* Begin PBXSourcesBuildPhase section */
		7264755B1E3251B400275D2C /* Sources */ = {
			isa = PBXSourcesBuildPhase;
			buildActionMask = 2147483647;
			files = (
				7267CB331E3B8C76008ED96A /* Photo+CoreDataClass.swift in Sources */,
				726475931E325BE500275D2C /* FlickrAPI.swift in Sources */,
				726475911E3252FB00275D2C /* PhotosViewController.swift in Sources */,
				726475981E32645F00275D2C /* PhotoStore.swift in Sources */,
				726475A21E32B74100275D2C /* ImageStore.swift in Sources */,
				7209A5CA1E3BABFF00413FFA /* TagsViewController.swift in Sources */,
				7264759E1E32A5B300275D2C /* PhotoDataSource.swift in Sources */,
				727523951E3B828700275C62 /* Photorama.xcdatamodeld in Sources */,
				726475A01E32A8DB00275D2C /* PhotoCollectionViewCell.swift in Sources */,
				7209A5C81E3BA9C100413FFA /* Photo+CoreDataProperties.swift in Sources */,
				7209A5CE1E3BB20200413FFA /* TagDataSource.swift in Sources */,
				726475631E3251B400275D2C /* AppDelegate.swift in Sources */,
				726475A41E32BB8700275D2C /* PhotoInfoViewController.swift in Sources */,
			);
			runOnlyForDeploymentPostprocessing = 0;
		};
		7264756F1E3251B400275D2C /* Sources */ = {
			isa = PBXSourcesBuildPhase;
			buildActionMask = 2147483647;
			files = (
				726475781E3251B400275D2C /* PhotoramaTests.swift in Sources */,
			);
			runOnlyForDeploymentPostprocessing = 0;
		};
		7264757A1E3251B400275D2C /* Sources */ = {
			isa = PBXSourcesBuildPhase;
			buildActionMask = 2147483647;
			files = (
				726475831E3251B400275D2C /* PhotoramaUITests.swift in Sources */,
			);
			runOnlyForDeploymentPostprocessing = 0;
		};
/* End PBXSourcesBuildPhase section */

/* Begin PBXTargetDependency section */
		726475751E3251B400275D2C /* PBXTargetDependency */ = {
			isa = PBXTargetDependency;
			target = 7264755E1E3251B400275D2C /* Photorama */;
			targetProxy = 726475741E3251B400275D2C /* PBXContainerItemProxy */;
		};
		726475801E3251B400275D2C /* PBXTargetDependency */ = {
			isa = PBXTargetDependency;
			target = 7264755E1E3251B400275D2C /* Photorama */;
			targetProxy = 7264757F1E3251B400275D2C /* PBXContainerItemProxy */;
		};
/* End PBXTargetDependency section */

/* Begin PBXVariantGroup section */
		726475661E3251B400275D2C /* Main.storyboard */ = {
			isa = PBXVariantGroup;
			children = (
				726475671E3251B400275D2C /* Base */,
			);
			name = Main.storyboard;
			sourceTree = "<group>";
		};
		7264756B1E3251B400275D2C /* LaunchScreen.storyboard */ = {
			isa = PBXVariantGroup;
			children = (
				7264756C1E3251B400275D2C /* Base */,
			);
			name = LaunchScreen.storyboard;
			sourceTree = "<group>";
		};
/* End PBXVariantGroup section */

/* Begin XCBuildConfiguration section */
		726475851E3251B400275D2C /* Debug */ = {
			isa = XCBuildConfiguration;
			buildSettings = {
				ALWAYS_SEARCH_USER_PATHS = NO;
				CLANG_ANALYZER_NONNULL = YES;
				CLANG_CXX_LANGUAGE_STANDARD = "gnu++0x";
				CLANG_CXX_LIBRARY = "libc++";
				CLANG_ENABLE_MODULES = YES;
				CLANG_ENABLE_OBJC_ARC = YES;
				CLANG_WARN_BOOL_CONVERSION = YES;
				CLANG_WARN_CONSTANT_CONVERSION = YES;
				CLANG_WARN_DIRECT_OBJC_ISA_USAGE = YES_ERROR;
				CLANG_WARN_DOCUMENTATION_COMMENTS = YES;
				CLANG_WARN_EMPTY_BODY = YES;
				CLANG_WARN_ENUM_CONVERSION = YES;
				CLANG_WARN_INFINITE_RECURSION = YES;
				CLANG_WARN_INT_CONVERSION = YES;
				CLANG_WARN_OBJC_ROOT_CLASS = YES_ERROR;
				CLANG_WARN_SUSPICIOUS_MOVE = YES;
				CLANG_WARN_UNREACHABLE_CODE = YES;
				CLANG_WARN__DUPLICATE_METHOD_MATCH = YES;
				"CODE_SIGN_IDENTITY[sdk=iphoneos*]" = "iPhone Developer";
				COPY_PHASE_STRIP = NO;
				DEBUG_INFORMATION_FORMAT = dwarf;
				ENABLE_STRICT_OBJC_MSGSEND = YES;
				ENABLE_TESTABILITY = YES;
				GCC_C_LANGUAGE_STANDARD = gnu99;
				GCC_DYNAMIC_NO_PIC = NO;
				GCC_NO_COMMON_BLOCKS = YES;
				GCC_OPTIMIZATION_LEVEL = 0;
				GCC_PREPROCESSOR_DEFINITIONS = (
					"DEBUG=1",
					"$(inherited)",
				);
				GCC_WARN_64_TO_32_BIT_CONVERSION = YES;
				GCC_WARN_ABOUT_RETURN_TYPE = YES_ERROR;
				GCC_WARN_UNDECLARED_SELECTOR = YES;
				GCC_WARN_UNINITIALIZED_AUTOS = YES_AGGRESSIVE;
				GCC_WARN_UNUSED_FUNCTION = YES;
				GCC_WARN_UNUSED_VARIABLE = YES;
				IPHONEOS_DEPLOYMENT_TARGET = 10.2;
				MTL_ENABLE_DEBUG_INFO = YES;
				ONLY_ACTIVE_ARCH = YES;
				SDKROOT = iphoneos;
				SWIFT_ACTIVE_COMPILATION_CONDITIONS = DEBUG;
				SWIFT_OPTIMIZATION_LEVEL = "-Onone";
				TARGETED_DEVICE_FAMILY = "1,2";
			};
			name = Debug;
		};
		726475861E3251B400275D2C /* Release */ = {
			isa = XCBuildConfiguration;
			buildSettings = {
				ALWAYS_SEARCH_USER_PATHS = NO;
				CLANG_ANALYZER_NONNULL = YES;
				CLANG_CXX_LANGUAGE_STANDARD = "gnu++0x";
				CLANG_CXX_LIBRARY = "libc++";
				CLANG_ENABLE_MODULES = YES;
				CLANG_ENABLE_OBJC_ARC = YES;
				CLANG_WARN_BOOL_CONVERSION = YES;
				CLANG_WARN_CONSTANT_CONVERSION = YES;
				CLANG_WARN_DIRECT_OBJC_ISA_USAGE = YES_ERROR;
				CLANG_WARN_DOCUMENTATION_COMMENTS = YES;
				CLANG_WARN_EMPTY_BODY = YES;
				CLANG_WARN_ENUM_CONVERSION = YES;
				CLANG_WARN_INFINITE_RECURSION = YES;
				CLANG_WARN_INT_CONVERSION = YES;
				CLANG_WARN_OBJC_ROOT_CLASS = YES_ERROR;
				CLANG_WARN_SUSPICIOUS_MOVE = YES;
				CLANG_WARN_UNREACHABLE_CODE = YES;
				CLANG_WARN__DUPLICATE_METHOD_MATCH = YES;
				"CODE_SIGN_IDENTITY[sdk=iphoneos*]" = "iPhone Developer";
				COPY_PHASE_STRIP = NO;
				DEBUG_INFORMATION_FORMAT = "dwarf-with-dsym";
				ENABLE_NS_ASSERTIONS = NO;
				ENABLE_STRICT_OBJC_MSGSEND = YES;
				GCC_C_LANGUAGE_STANDARD = gnu99;
				GCC_NO_COMMON_BLOCKS = YES;
				GCC_WARN_64_TO_32_BIT_CONVERSION = YES;
				GCC_WARN_ABOUT_RETURN_TYPE = YES_ERROR;
				GCC_WARN_UNDECLARED_SELECTOR = YES;
				GCC_WARN_UNINITIALIZED_AUTOS = YES_AGGRESSIVE;
				GCC_WARN_UNUSED_FUNCTION = YES;
				GCC_WARN_UNUSED_VARIABLE = YES;
				IPHONEOS_DEPLOYMENT_TARGET = 10.2;
				MTL_ENABLE_DEBUG_INFO = NO;
				SDKROOT = iphoneos;
				SWIFT_OPTIMIZATION_LEVEL = "-Owholemodule";
				TARGETED_DEVICE_FAMILY = "1,2";
				VALIDATE_PRODUCT = YES;
			};
			name = Release;
		};
		726475881E3251B400275D2C /* Debug */ = {
			isa = XCBuildConfiguration;
			buildSettings = {
				ASSETCATALOG_COMPILER_APPICON_NAME = AppIcon;
				DEVELOPMENT_TEAM = BNDA9Y6YV9;
				INFOPLIST_FILE = Photorama/Info.plist;
				LD_RUNPATH_SEARCH_PATHS = "$(inherited) @executable_path/Frameworks";
				PRODUCT_BUNDLE_IDENTIFIER = com.justinpurnell.Photorama;
				PRODUCT_NAME = "$(TARGET_NAME)";
				SWIFT_VERSION = 3.0;
			};
			name = Debug;
		};
		726475891E3251B400275D2C /* Release */ = {
			isa = XCBuildConfiguration;
			buildSettings = {
				ASSETCATALOG_COMPILER_APPICON_NAME = AppIcon;
				DEVELOPMENT_TEAM = BNDA9Y6YV9;
				INFOPLIST_FILE = Photorama/Info.plist;
				LD_RUNPATH_SEARCH_PATHS = "$(inherited) @executable_path/Frameworks";
				PRODUCT_BUNDLE_IDENTIFIER = com.justinpurnell.Photorama;
				PRODUCT_NAME = "$(TARGET_NAME)";
				SWIFT_VERSION = 3.0;
			};
			name = Release;
		};
		7264758B1E3251B400275D2C /* Debug */ = {
			isa = XCBuildConfiguration;
			buildSettings = {
				ALWAYS_EMBED_SWIFT_STANDARD_LIBRARIES = YES;
				BUNDLE_LOADER = "$(TEST_HOST)";
				INFOPLIST_FILE = PhotoramaTests/Info.plist;
				LD_RUNPATH_SEARCH_PATHS = "$(inherited) @executable_path/Frameworks @loader_path/Frameworks";
				PRODUCT_BUNDLE_IDENTIFIER = com.justinpurnell.PhotoramaTests;
				PRODUCT_NAME = "$(TARGET_NAME)";
				SWIFT_VERSION = 3.0;
				TEST_HOST = "$(BUILT_PRODUCTS_DIR)/Photorama.app/Photorama";
			};
			name = Debug;
		};
		7264758C1E3251B400275D2C /* Release */ = {
			isa = XCBuildConfiguration;
			buildSettings = {
				ALWAYS_EMBED_SWIFT_STANDARD_LIBRARIES = YES;
				BUNDLE_LOADER = "$(TEST_HOST)";
				INFOPLIST_FILE = PhotoramaTests/Info.plist;
				LD_RUNPATH_SEARCH_PATHS = "$(inherited) @executable_path/Frameworks @loader_path/Frameworks";
				PRODUCT_BUNDLE_IDENTIFIER = com.justinpurnell.PhotoramaTests;
				PRODUCT_NAME = "$(TARGET_NAME)";
				SWIFT_VERSION = 3.0;
				TEST_HOST = "$(BUILT_PRODUCTS_DIR)/Photorama.app/Photorama";
			};
			name = Release;
		};
		7264758E1E3251B400275D2C /* Debug */ = {
			isa = XCBuildConfiguration;
			buildSettings = {
				ALWAYS_EMBED_SWIFT_STANDARD_LIBRARIES = YES;
				INFOPLIST_FILE = PhotoramaUITests/Info.plist;
				LD_RUNPATH_SEARCH_PATHS = "$(inherited) @executable_path/Frameworks @loader_path/Frameworks";
				PRODUCT_BUNDLE_IDENTIFIER = com.justinpurnell.PhotoramaUITests;
				PRODUCT_NAME = "$(TARGET_NAME)";
				SWIFT_VERSION = 3.0;
				TEST_TARGET_NAME = Photorama;
			};
			name = Debug;
		};
		7264758F1E3251B400275D2C /* Release */ = {
			isa = XCBuildConfiguration;
			buildSettings = {
				ALWAYS_EMBED_SWIFT_STANDARD_LIBRARIES = YES;
				INFOPLIST_FILE = PhotoramaUITests/Info.plist;
				LD_RUNPATH_SEARCH_PATHS = "$(inherited) @executable_path/Frameworks @loader_path/Frameworks";
				PRODUCT_BUNDLE_IDENTIFIER = com.justinpurnell.PhotoramaUITests;
				PRODUCT_NAME = "$(TARGET_NAME)";
				SWIFT_VERSION = 3.0;
				TEST_TARGET_NAME = Photorama;
			};
			name = Release;
		};
/* End XCBuildConfiguration section */

/* Begin XCConfigurationList section */
		7264755A1E3251B400275D2C /* Build configuration list for PBXProject "Photorama" */ = {
			isa = XCConfigurationList;
			buildConfigurations = (
				726475851E3251B400275D2C /* Debug */,
				726475861E3251B400275D2C /* Release */,
			);
			defaultConfigurationIsVisible = 0;
			defaultConfigurationName = Release;
		};
		726475871E3251B400275D2C /* Build configuration list for PBXNativeTarget "Photorama" */ = {
			isa = XCConfigurationList;
			buildConfigurations = (
				726475881E3251B400275D2C /* Debug */,
				726475891E3251B400275D2C /* Release */,
			);
			defaultConfigurationIsVisible = 0;
			defaultConfigurationName = Release;
		};
		7264758A1E3251B400275D2C /* Build configuration list for PBXNativeTarget "PhotoramaTests" */ = {
			isa = XCConfigurationList;
			buildConfigurations = (
				7264758B1E3251B400275D2C /* Debug */,
				7264758C1E3251B400275D2C /* Release */,
			);
			defaultConfigurationIsVisible = 0;
			defaultConfigurationName = Release;
		};
		7264758D1E3251B400275D2C /* Build configuration list for PBXNativeTarget "PhotoramaUITests" */ = {
			isa = XCConfigurationList;
			buildConfigurations = (
				7264758E1E3251B400275D2C /* Debug */,
				7264758F1E3251B400275D2C /* Release */,
			);
			defaultConfigurationIsVisible = 0;
			defaultConfigurationName = Release;
		};
/* End XCConfigurationList section */

/* Begin XCVersionGroup section */
		727523931E3B828700275C62 /* Photorama.xcdatamodeld */ = {
			isa = XCVersionGroup;
			children = (
				727523941E3B828700275C62 /* Photorama.xcdatamodel */,
			);
			currentVersion = 727523941E3B828700275C62 /* Photorama.xcdatamodel */;
			path = Photorama.xcdatamodeld;
			sourceTree = "<group>";
			versionGroupType = wrapper.xcdatamodel;
		};
/* End XCVersionGroup section */
	};
	rootObject = 726475571E3251B400275D2C /* Project object */;
}
